
Microsoft Visual Studio Solution File, Format Version 12.00
# Visual Studio Version 17
VisualStudioVersion = 17.5.33530.505
MinimumVisualStudioVersion = 10.0.40219.1
Project("{FAE04EC0-301F-11D3-BF4B-00C04F79EFBC}") = "AVehicle", "AVehicle.csproj", "{24718D1E-AE45-46FE-A4C0-16544FE75B25}"
EndProject
Global
	GlobalSection(SolutionConfigurationPlatforms) = preSolution
		Debug|Any CPU = Debug|Any CPU
		Release|Any CPU = Release|Any CPU
	EndGlobalSection
	GlobalSection(ProjectConfigurationPlatforms) = postSolution
		{24718D1E-AE45-46FE-A4C0-16544FE75B25}.Debug|Any CPU.ActiveCfg = Debug|Any CPU
		{24718D1E-AE45-46FE-A4C0-16544FE75B25}.Debug|Any CPU.Build.0 = Debug|Any CPU
		{24718D1E-AE45-46FE-A4C0-16544FE75B25}.Release|Any CPU.ActiveCfg = Release|Any CPU
		{24718D1E-AE45-46FE-A4C0-16544FE75B25}.Release|Any CPU.Build.0 = Release|Any CPU
	EndGlobalSection
	GlobalSection(SolutionProperties) = preSolution
		HideSolutionNode = FALSE
	EndGlobalSection
	GlobalSection(ExtensibilityGlobals) = postSolution
		SolutionGuid = {BB285F28-D956-44B6-A803-73B30DF6529D}
	EndGlobalSection
EndGlobal
